
Microsoft Visual Studio Solution File, Format Version 12.00
# Visual Studio Version 17
VisualStudioVersion = 17.11.35208.52
MinimumVisualStudioVersion = 10.0.40219.1
Project("{FAE04EC0-301F-11D3-BF4B-00C04F79EFBC}") = "combat thing", "combat thing.csproj", "{AB8D4D4F-62C7-4396-96E9-E46739A986F3}"
EndProject
Global
	GlobalSection(SolutionConfigurationPlatforms) = preSolution
		Debug|Any CPU = Debug|Any CPU
		Release|Any CPU = Release|Any CPU
	EndGlobalSection
	GlobalSection(ProjectConfigurationPlatforms) = postSolution
		{AB8D4D4F-62C7-4396-96E9-E46739A986F3}.Debug|Any CPU.ActiveCfg = Debug|Any CPU
		{AB8D4D4F-62C7-4396-96E9-E46739A986F3}.Debug|Any CPU.Build.0 = Debug|Any CPU
		{AB8D4D4F-62C7-4396-96E9-E46739A986F3}.Release|Any CPU.ActiveCfg = Release|Any CPU
		{AB8D4D4F-62C7-4396-96E9-E46739A986F3}.Release|Any CPU.Build.0 = Release|Any CPU
	EndGlobalSection
	GlobalSection(SolutionProperties) = preSolution
		HideSolutionNode = FALSE
	EndGlobalSection
	GlobalSection(ExtensibilityGlobals) = postSolution
		SolutionGuid = {FD919B74-2A65-4856-BBB2-080091AEBD9E}
	EndGlobalSection
EndGlobal
